
Microsoft Visual Studio Solution File, Format Version 12.00
# Visual Studio Version 17
VisualStudioVersion = 17.6.33829.357
MinimumVisualStudioVersion = 10.0.40219.1
Project("{2150E333-8FDC-42A3-9474-1A3956D46DE8}") = "PMS", "PMS", "{4C354A35-DD08-4D71-8F45-F3FADA556A49}"
EndProject
Project("{2150E333-8FDC-42A3-9474-1A3956D46DE8}") = "WOS", "WOS", "{FC0087D9-0B96-40C1-B223-65C557DB3A5A}"
EndProject
Project("{9A19103F-16F7-4668-BE54-9A1E7A4F7556}") = "Comix.PMS.SDK", "PMS\Comix.PMS.SDK\Comix.PMS.SDK.csproj", "{EE19EA84-C62C-4CBE-BD89-8A56C9EA969A}"
EndProject
Project("{9A19103F-16F7-4668-BE54-9A1E7A4F7556}") = "Comix.PMS.Model", "PMS\Comix.PMS.Model\Comix.PMS.Model.csproj", "{5C376FCD-5B05-4B28-9686-AAC980AD6853}"
EndProject
Project("{9A19103F-16F7-4668-BE54-9A1E7A4F7556}") = "Comix.WOS.Model", "WOS\Comix.WOS.Model\Comix.WOS.Model.csproj", "{A18D4333-B509-4A33-B534-1BEB687150EB}"
EndProject
Project("{9A19103F-16F7-4668-BE54-9A1E7A4F7556}") = "Comix.WOS.SDK", "WOS\Comix.WOS.SDK\Comix.WOS.SDK.csproj", "{137948F8-A025-4A8D-ACF2-EFBAAEED8F36}"
EndProject
Project("{9A19103F-16F7-4668-BE54-9A1E7A4F7556}") = "Comix.PMS.Test", "PMS\Comix.PMS.Test\Comix.PMS.Test.csproj", "{046D2A54-7BCA-40F9-9FD5-B8E01C97D464}"
EndProject
Project("{2150E333-8FDC-42A3-9474-1A3956D46DE8}") = "B2B", "B2B", "{58024826-4A13-44BA-9287-437EE705CEB3}"
EndProject
Project("{9A19103F-16F7-4668-BE54-9A1E7A4F7556}") = "Comix.B2B.SDK", "B2B\Comix.B2B.SDK\Comix.B2B.SDK.csproj", "{C5BEC4DA-E1C9-45F4-8F68-60CF57A8C9D2}"
EndProject
Project("{9A19103F-16F7-4668-BE54-9A1E7A4F7556}") = "Comix.Core", "Comix.Core\Comix.Core.csproj", "{4DAE1A89-C47A-4536-A9A6-FE0B4A9EA39B}"
EndProject
Project("{2150E333-8FDC-42A3-9474-1A3956D46DE8}") = "OMS", "OMS", "{8E3ECF67-C197-49A4-A3D3-1557376CEC8A}"
EndProject
Project("{9A19103F-16F7-4668-BE54-9A1E7A4F7556}") = "Comix.OMS.SDK", "OMS\Comix.OMS.SDK\Comix.OMS.SDK.csproj", "{81690F63-8B12-4DFC-BD6F-516584662746}"
EndProject
Project("{2150E333-8FDC-42A3-9474-1A3956D46DE8}") = "ThridParts", "ThridParts", "{9241BE1D-05E1-47F3-B838-73D2D0F9D792}"
EndProject
Project("{9A19103F-16F7-4668-BE54-9A1E7A4F7556}") = "Comix.Delivery100.SDK", "ThridParts\Comix.Delivery100.SDK\Comix.Delivery100.SDK.csproj", "{3087CE8B-0842-4E41-B4EF-2659EE8578E6}"
EndProject
Project("{9A19103F-16F7-4668-BE54-9A1E7A4F7556}") = "Comix.SAP.SDK", "ThridParts\Comix.SAP.SDK\Comix.SAP.SDK.csproj", "{6B46423C-9F07-4EFD-9BEF-8C162BFAA04F}"
EndProject
Project("{2150E333-8FDC-42A3-9474-1A3956D46DE8}") = "OpenSource", "OpenSource", "{9228EAE9-6041-4547-8049-64DEC40BD187}"
EndProject
Project("{2150E333-8FDC-42A3-9474-1A3956D46DE8}") = "CAP", "CAP", "{B0A0467F-A7ED-470A-B9BF-A74F947828CC}"
EndProject
Project("{9A19103F-16F7-4668-BE54-9A1E7A4F7556}") = "DotNetCore.CAP.RocketMQ4", "OpenSource\CAP\DotNetCore.CAP.RocketMQ4\DotNetCore.CAP.RocketMQ4.csproj", "{DBA7E081-2111-419C-8FEB-82C2CFDE3D9F}"
EndProject
Project("{2150E333-8FDC-42A3-9474-1A3956D46DE8}") = "COS", "COS", "{B64430DE-81D1-4497-B4A6-FCFB2D2F8E71}"
EndProject
Project("{9A19103F-16F7-4668-BE54-9A1E7A4F7556}") = "Comix.COS.Model", "COS\Comix.COS.Model\Comix.COS.Model.csproj", "{AB87DB93-E560-4619-BA6F-9858F1078290}"
EndProject
Project("{9A19103F-16F7-4668-BE54-9A1E7A4F7556}") = "Comix.COS.SDK", "COS\Comix.COS.SDK\Comix.COS.SDK.csproj", "{0AD7AEEA-0DB3-4913-A8D4-29B44386D658}"
EndProject
Project("{2150E333-8FDC-42A3-9474-1A3956D46DE8}") = "SAP", "SAP", "{5D996D1D-4722-4CE1-82ED-C1307538D8AA}"
EndProject
Project("{9A19103F-16F7-4668-BE54-9A1E7A4F7556}") = "ComixSAP.API.Service", "SAP\ComixSAP.API.Service\ComixSAP.API.Service.csproj", "{840A2981-1DA5-4FBE-B97C-8F16C9B75389}"
EndProject
Project("{9A19103F-16F7-4668-BE54-9A1E7A4F7556}") = "ComixSAP.Common", "SAP\ComixSAP.Common\ComixSAP.Common.csproj", "{2C5E4795-9049-4D6B-B03D-116B17B7043A}"
EndProject
Project("{9A19103F-16F7-4668-BE54-9A1E7A4F7556}") = "ComixSAP.Service", "SAP\ComixSAP.Service\ComixSAP.Service.csproj", "{7E93B955-9F30-4290-A582-5EEFC8FFF6EE}"
EndProject
Project("{2150E333-8FDC-42A3-9474-1A3956D46DE8}") = "Cos (2)", "Cos (2)", "{D206DD97-0087-4F09-9054-0984989EDAAA}"
EndProject
Project("{9A19103F-16F7-4668-BE54-9A1E7A4F7556}") = "Comix.Cos.Models", "Cos\Comix.Cos.Models\Comix.Cos.Models.csproj", "{ACEDF13A-7CC8-4DC3-A693-7A98E30A4959}"
EndProject
Project("{9A19103F-16F7-4668-BE54-9A1E7A4F7556}") = "Comix.CAP.RocketMQ4", "OpenSource\CAP\Comix.CAP.RocketMQ4\Comix.CAP.RocketMQ4.csproj", "{FA9DF42A-0374-4AF6-A03E-F084DA8E6B4A}"
EndProject
Project("{9A19103F-16F7-4668-BE54-9A1E7A4F7556}") = "DotNetCore.CAP.Kafka", "OpenSource\CAP\DotNetCore.CAP.Kafka\DotNetCore.CAP.Kafka.csproj", "{AA575230-5C45-4B8D-A667-ACC1620AF4BE}"
EndProject
Project("{9A19103F-16F7-4668-BE54-9A1E7A4F7556}") = "DotNetCore.CAP.SqlServer", "OpenSource\CAP\DotNetCore.CAP.SqlServer\DotNetCore.CAP.SqlServer.csproj", "{8548A4E8-8C81-4672-9D0E-27DFEDEF5CB1}"
EndProject
Project("{2150E333-8FDC-42A3-9474-1A3956D46DE8}") = "Sms", "Sms", "{9792B9B3-CBDC-4C08-A3C5-E80F187DC94F}"
EndProject
Project("{9A19103F-16F7-4668-BE54-9A1E7A4F7556}") = "Comix.Sms.SDK", "Sms\Comix.Sms.SDK\Comix.Sms.SDK.csproj", "{2E811F76-F140-43B8-95F4-CF872800A4F9}"
EndProject
Project("{2150E333-8FDC-42A3-9474-1A3956D46DE8}") = "COM", "COM", "{BC98F76F-B530-47CD-A59D-7C2FDA7D1AC7}"
EndProject
Project("{9A19103F-16F7-4668-BE54-9A1E7A4F7556}") = "Comix.COM.SDK", "COM\Comix.Com.SDK\Comix.COM.SDK.csproj", "{DCC10F44-75E9-4ED9-891B-E5DDAF186563}"
EndProject
Project("{FAE04EC0-301F-11D3-BF4B-00C04F79EFBC}") = "Comix.WOS.Test", "WOS\Comix.WOS.Test\Comix.WOS.Test.csproj", "{E3D3E2A7-3A89-4965-A8BE-E3A2EA561ABE}"
EndProject
Project("{9A19103F-16F7-4668-BE54-9A1E7A4F7556}") = "Comix.Qx.Infrastructure", "Comix.Qx.Infrastructure\Comix.Qx.Infrastructure.csproj", "{5C8A38B0-AA30-4BAE-82FC-E26F454CE21D}"
EndProject
Project("{2150E333-8FDC-42A3-9474-1A3956D46DE8}") = "Rpa", "Rpa", "{3F020C2B-CDF9-4AA5-BD32-25D55DE4C781}"
EndProject
Project("{2150E333-8FDC-42A3-9474-1A3956D46DE8}") = "KuaiDi100", "KuaiDi100", "{6DC272E0-5DEF-4EB7-B4C9-FC550BF9F43A}"
EndProject
Project("{9A19103F-16F7-4668-BE54-9A1E7A4F7556}") = "Comix.KuaiDi100.SDK", "KuaiDi100\Comix.KuaiDi100.SDK\Comix.KuaiDi100.SDK.csproj", "{6456FDBE-A599-4E3B-A10B-EEF8357362C3}"
EndProject
Project("{2150E333-8FDC-42A3-9474-1A3956D46DE8}") = "OpenAi", "OpenAi", "{CEC941D3-065A-4331-992F-4F57E7C34F10}"
EndProject
Project("{2150E333-8FDC-42A3-9474-1A3956D46DE8}") = "AiService", "AiService", "{27B54360-E5B1-42B7-B710-CB20EE241BF2}"
EndProject
Project("{9A19103F-16F7-4668-BE54-9A1E7A4F7556}") = "Comix.RPA.SDK", "RPA\Comix.RPA.SDK\Comix.RPA.SDK.csproj", "{F43DFDC6-E7A3-4D1F-B2B1-A966576A217B}"
EndProject
Project("{9A19103F-16F7-4668-BE54-9A1E7A4F7556}") = "Comix.RPA.SDK.xUnit", "RPA\Comix.RPA.SDK.xUnit\Comix.RPA.SDK.xUnit.csproj", "{391DFAAA-C0B1-4B99-BB79-1F96D155ED99}"
EndProject
Project("{9A19103F-16F7-4668-BE54-9A1E7A4F7556}") = "Comix.PMS.xUnit", "PMS\Comix.PMS.xUnit\Comix.PMS.xUnit.csproj", "{02233C26-400C-40EC-B6C7-C8557C5BCD81}"
EndProject
Project("{9A19103F-16F7-4668-BE54-9A1E7A4F7556}") = "Comix.AiService", "AiService\Comix.AiService\Comix.AiService.csproj", "{370CD938-C882-419B-8100-D2CFF427DDD8}"
EndProject
Project("{9A19103F-16F7-4668-BE54-9A1E7A4F7556}") = "Comix.KuaiDi100.xUnit", "KuaiDi100\Comix.KuaiDi100.xUnit\Comix.KuaiDi100.xUnit.csproj", "{851B6DFA-5E7A-4EE3-BFB4-114935AA60D6}"
EndProject
Project("{9A19103F-16F7-4668-BE54-9A1E7A4F7556}") = "Comix.OpenAi.SDK", "OpenAi\Comix.OpenAi.SDK\Comix.OpenAi.SDK.csproj", "{BAE9AD85-729E-4606-AC86-BA94606E73E5}"
EndProject
Project("{9A19103F-16F7-4668-BE54-9A1E7A4F7556}") = "Comix.OpenAi.xUnit", "OpenAi\Comix.OpenAi.xUnit\Comix.OpenAi.xUnit.csproj", "{15EE10C2-C515-4ECA-8D0F-B5F3774B8270}"
EndProject
Project("{9A19103F-16F7-4668-BE54-9A1E7A4F7556}") = "Comix.AiService.xUnit", "AiService\Comix.AiService.xUnit\Comix.AiService.xUnit.csproj", "{42C8CFED-196C-4649-885B-5135D27F702E}"
EndProject
Project("{2150E333-8FDC-42A3-9474-1A3956D46DE8}") = "Cics", "Cics", "{723CDC2E-72D2-4F2C-90DA-809891E4FEEC}"
EndProject
Project("{FAE04EC0-301F-11D3-BF4B-00C04F79EFBC}") = "Comix.Cics.SDK", "Comix.Cics.SDK\Comix.Cics.SDK.csproj", "{4AD28F32-01E2-408F-BCDC-D7191B1D3E0E}"
EndProject
Project("{FAE04EC0-301F-11D3-BF4B-00C04F79EFBC}") = "Comix.Cics.Model", "Comix.Cics.Model\Comix.Cics.Model.csproj", "{8CADF849-9EC3-4D28-80E3-AD11982F75BB}"
EndProject
Project("{2150E333-8FDC-42A3-9474-1A3956D46DE8}") = "BMS", "BMS", "{AEE2E371-0D7E-480D-80AE-E485E6828055}"
EndProject
Project("{FAE04EC0-301F-11D3-BF4B-00C04F79EFBC}") = "Comix.BMS.SDK", "BMS\Comix.BMS.SDK\Comix.BMS.SDK.csproj", "{30C57E85-EC58-4FD2-A2FF-127818925B0C}"
EndProject
Project("{FAE04EC0-301F-11D3-BF4B-00C04F79EFBC}") = "Comix.BMS.xUnit", "BMS\Comix.BMS.xUnit\Comix.BMS.xUnit.csproj", "{5039DB6D-5548-4375-BE29-A5754D24AA0D}"
EndProject
Global
	GlobalSection(SolutionConfigurationPlatforms) = preSolution
		Debug|Any CPU = Debug|Any CPU
		Release|Any CPU = Release|Any CPU
	EndGlobalSection
	GlobalSection(ProjectConfigurationPlatforms) = postSolution
		{EE19EA84-C62C-4CBE-BD89-8A56C9EA969A}.Debug|Any CPU.ActiveCfg = Debug|Any CPU
		{EE19EA84-C62C-4CBE-BD89-8A56C9EA969A}.Debug|Any CPU.Build.0 = Debug|Any CPU
		{EE19EA84-C62C-4CBE-BD89-8A56C9EA969A}.Release|Any CPU.ActiveCfg = Release|Any CPU
		{EE19EA84-C62C-4CBE-BD89-8A56C9EA969A}.Release|Any CPU.Build.0 = Release|Any CPU
		{5C376FCD-5B05-4B28-9686-AAC980AD6853}.Debug|Any CPU.ActiveCfg = Debug|Any CPU
		{5C376FCD-5B05-4B28-9686-AAC980AD6853}.Debug|Any CPU.Build.0 = Debug|Any CPU
		{5C376FCD-5B05-4B28-9686-AAC980AD6853}.Release|Any CPU.ActiveCfg = Release|Any CPU
		{5C376FCD-5B05-4B28-9686-AAC980AD6853}.Release|Any CPU.Build.0 = Release|Any CPU
		{A18D4333-B509-4A33-B534-1BEB687150EB}.Debug|Any CPU.ActiveCfg = Debug|Any CPU
		{A18D4333-B509-4A33-B534-1BEB687150EB}.Debug|Any CPU.Build.0 = Debug|Any CPU
		{A18D4333-B509-4A33-B534-1BEB687150EB}.Release|Any CPU.ActiveCfg = Release|Any CPU
		{A18D4333-B509-4A33-B534-1BEB687150EB}.Release|Any CPU.Build.0 = Release|Any CPU
		{137948F8-A025-4A8D-ACF2-EFBAAEED8F36}.Debug|Any CPU.ActiveCfg = Debug|Any CPU
		{137948F8-A025-4A8D-ACF2-EFBAAEED8F36}.Debug|Any CPU.Build.0 = Debug|Any CPU
		{137948F8-A025-4A8D-ACF2-EFBAAEED8F36}.Release|Any CPU.ActiveCfg = Release|Any CPU
		{137948F8-A025-4A8D-ACF2-EFBAAEED8F36}.Release|Any CPU.Build.0 = Release|Any CPU
		{046D2A54-7BCA-40F9-9FD5-B8E01C97D464}.Debug|Any CPU.ActiveCfg = Debug|Any CPU
		{046D2A54-7BCA-40F9-9FD5-B8E01C97D464}.Debug|Any CPU.Build.0 = Debug|Any CPU
		{046D2A54-7BCA-40F9-9FD5-B8E01C97D464}.Release|Any CPU.ActiveCfg = Release|Any CPU
		{046D2A54-7BCA-40F9-9FD5-B8E01C97D464}.Release|Any CPU.Build.0 = Release|Any CPU
		{C5BEC4DA-E1C9-45F4-8F68-60CF57A8C9D2}.Debug|Any CPU.ActiveCfg = Debug|Any CPU
		{C5BEC4DA-E1C9-45F4-8F68-60CF57A8C9D2}.Debug|Any CPU.Build.0 = Debug|Any CPU
		{C5BEC4DA-E1C9-45F4-8F68-60CF57A8C9D2}.Release|Any CPU.ActiveCfg = Release|Any CPU
		{C5BEC4DA-E1C9-45F4-8F68-60CF57A8C9D2}.Release|Any CPU.Build.0 = Release|Any CPU
		{4DAE1A89-C47A-4536-A9A6-FE0B4A9EA39B}.Debug|Any CPU.ActiveCfg = Debug|Any CPU
		{4DAE1A89-C47A-4536-A9A6-FE0B4A9EA39B}.Debug|Any CPU.Build.0 = Debug|Any CPU
		{4DAE1A89-C47A-4536-A9A6-FE0B4A9EA39B}.Release|Any CPU.ActiveCfg = Release|Any CPU
		{4DAE1A89-C47A-4536-A9A6-FE0B4A9EA39B}.Release|Any CPU.Build.0 = Release|Any CPU
		{81690F63-8B12-4DFC-BD6F-516584662746}.Debug|Any CPU.ActiveCfg = Debug|Any CPU
		{81690F63-8B12-4DFC-BD6F-516584662746}.Debug|Any CPU.Build.0 = Debug|Any CPU
		{81690F63-8B12-4DFC-BD6F-516584662746}.Release|Any CPU.ActiveCfg = Release|Any CPU
		{81690F63-8B12-4DFC-BD6F-516584662746}.Release|Any CPU.Build.0 = Release|Any CPU
		{3087CE8B-0842-4E41-B4EF-2659EE8578E6}.Debug|Any CPU.ActiveCfg = Debug|Any CPU
		{3087CE8B-0842-4E41-B4EF-2659EE8578E6}.Debug|Any CPU.Build.0 = Debug|Any CPU
		{3087CE8B-0842-4E41-B4EF-2659EE8578E6}.Release|Any CPU.ActiveCfg = Release|Any CPU
		{3087CE8B-0842-4E41-B4EF-2659EE8578E6}.Release|Any CPU.Build.0 = Release|Any CPU
		{6B46423C-9F07-4EFD-9BEF-8C162BFAA04F}.Debug|Any CPU.ActiveCfg = Debug|Any CPU
		{6B46423C-9F07-4EFD-9BEF-8C162BFAA04F}.Debug|Any CPU.Build.0 = Debug|Any CPU
		{6B46423C-9F07-4EFD-9BEF-8C162BFAA04F}.Release|Any CPU.ActiveCfg = Release|Any CPU
		{6B46423C-9F07-4EFD-9BEF-8C162BFAA04F}.Release|Any CPU.Build.0 = Release|Any CPU
		{DBA7E081-2111-419C-8FEB-82C2CFDE3D9F}.Debug|Any CPU.ActiveCfg = Debug|Any CPU
		{DBA7E081-2111-419C-8FEB-82C2CFDE3D9F}.Debug|Any CPU.Build.0 = Debug|Any CPU
		{DBA7E081-2111-419C-8FEB-82C2CFDE3D9F}.Release|Any CPU.ActiveCfg = Release|Any CPU
		{DBA7E081-2111-419C-8FEB-82C2CFDE3D9F}.Release|Any CPU.Build.0 = Release|Any CPU
		{AB87DB93-E560-4619-BA6F-9858F1078290}.Debug|Any CPU.ActiveCfg = Debug|Any CPU
		{AB87DB93-E560-4619-BA6F-9858F1078290}.Debug|Any CPU.Build.0 = Debug|Any CPU
		{AB87DB93-E560-4619-BA6F-9858F1078290}.Release|Any CPU.ActiveCfg = Release|Any CPU
		{AB87DB93-E560-4619-BA6F-9858F1078290}.Release|Any CPU.Build.0 = Release|Any CPU
		{0AD7AEEA-0DB3-4913-A8D4-29B44386D658}.Debug|Any CPU.ActiveCfg = Debug|Any CPU
		{0AD7AEEA-0DB3-4913-A8D4-29B44386D658}.Debug|Any CPU.Build.0 = Debug|Any CPU
		{0AD7AEEA-0DB3-4913-A8D4-29B44386D658}.Release|Any CPU.ActiveCfg = Release|Any CPU
		{0AD7AEEA-0DB3-4913-A8D4-29B44386D658}.Release|Any CPU.Build.0 = Release|Any CPU
		{840A2981-1DA5-4FBE-B97C-8F16C9B75389}.Debug|Any CPU.ActiveCfg = Debug|Any CPU
		{840A2981-1DA5-4FBE-B97C-8F16C9B75389}.Debug|Any CPU.Build.0 = Debug|Any CPU
		{840A2981-1DA5-4FBE-B97C-8F16C9B75389}.Release|Any CPU.ActiveCfg = Release|Any CPU
		{840A2981-1DA5-4FBE-B97C-8F16C9B75389}.Release|Any CPU.Build.0 = Release|Any CPU
		{2C5E4795-9049-4D6B-B03D-116B17B7043A}.Debug|Any CPU.ActiveCfg = Debug|Any CPU
		{2C5E4795-9049-4D6B-B03D-116B17B7043A}.Debug|Any CPU.Build.0 = Debug|Any CPU
		{2C5E4795-9049-4D6B-B03D-116B17B7043A}.Release|Any CPU.ActiveCfg = Release|Any CPU
		{2C5E4795-9049-4D6B-B03D-116B17B7043A}.Release|Any CPU.Build.0 = Release|Any CPU
		{7E93B955-9F30-4290-A582-5EEFC8FFF6EE}.Debug|Any CPU.ActiveCfg = Debug|Any CPU
		{7E93B955-9F30-4290-A582-5EEFC8FFF6EE}.Debug|Any CPU.Build.0 = Debug|Any CPU
		{7E93B955-9F30-4290-A582-5EEFC8FFF6EE}.Release|Any CPU.ActiveCfg = Release|Any CPU
		{7E93B955-9F30-4290-A582-5EEFC8FFF6EE}.Release|Any CPU.Build.0 = Release|Any CPU
		{ACEDF13A-7CC8-4DC3-A693-7A98E30A4959}.Debug|Any CPU.ActiveCfg = Debug|Any CPU
		{ACEDF13A-7CC8-4DC3-A693-7A98E30A4959}.Debug|Any CPU.Build.0 = Debug|Any CPU
		{ACEDF13A-7CC8-4DC3-A693-7A98E30A4959}.Release|Any CPU.ActiveCfg = Release|Any CPU
		{ACEDF13A-7CC8-4DC3-A693-7A98E30A4959}.Release|Any CPU.Build.0 = Release|Any CPU
		{FA9DF42A-0374-4AF6-A03E-F084DA8E6B4A}.Debug|Any CPU.ActiveCfg = Debug|Any CPU
		{FA9DF42A-0374-4AF6-A03E-F084DA8E6B4A}.Debug|Any CPU.Build.0 = Debug|Any CPU
		{FA9DF42A-0374-4AF6-A03E-F084DA8E6B4A}.Release|Any CPU.ActiveCfg = Release|Any CPU
		{FA9DF42A-0374-4AF6-A03E-F084DA8E6B4A}.Release|Any CPU.Build.0 = Release|Any CPU
		{AA575230-5C45-4B8D-A667-ACC1620AF4BE}.Debug|Any CPU.ActiveCfg = Debug|Any CPU
		{AA575230-5C45-4B8D-A667-ACC1620AF4BE}.Debug|Any CPU.Build.0 = Debug|Any CPU
		{AA575230-5C45-4B8D-A667-ACC1620AF4BE}.Release|Any CPU.ActiveCfg = Release|Any CPU
		{AA575230-5C45-4B8D-A667-ACC1620AF4BE}.Release|Any CPU.Build.0 = Release|Any CPU
		{8548A4E8-8C81-4672-9D0E-27DFEDEF5CB1}.Debug|Any CPU.ActiveCfg = Debug|Any CPU
		{8548A4E8-8C81-4672-9D0E-27DFEDEF5CB1}.Debug|Any CPU.Build.0 = Debug|Any CPU
		{8548A4E8-8C81-4672-9D0E-27DFEDEF5CB1}.Release|Any CPU.ActiveCfg = Release|Any CPU
		{8548A4E8-8C81-4672-9D0E-27DFEDEF5CB1}.Release|Any CPU.Build.0 = Release|Any CPU
		{2E811F76-F140-43B8-95F4-CF872800A4F9}.Debug|Any CPU.ActiveCfg = Debug|Any CPU
		{2E811F76-F140-43B8-95F4-CF872800A4F9}.Debug|Any CPU.Build.0 = Debug|Any CPU
		{2E811F76-F140-43B8-95F4-CF872800A4F9}.Release|Any CPU.ActiveCfg = Release|Any CPU
		{2E811F76-F140-43B8-95F4-CF872800A4F9}.Release|Any CPU.Build.0 = Release|Any CPU
		{DCC10F44-75E9-4ED9-891B-E5DDAF186563}.Debug|Any CPU.ActiveCfg = Debug|Any CPU
		{DCC10F44-75E9-4ED9-891B-E5DDAF186563}.Debug|Any CPU.Build.0 = Debug|Any CPU
		{DCC10F44-75E9-4ED9-891B-E5DDAF186563}.Release|Any CPU.ActiveCfg = Release|Any CPU
		{DCC10F44-75E9-4ED9-891B-E5DDAF186563}.Release|Any CPU.Build.0 = Release|Any CPU
		{E3D3E2A7-3A89-4965-A8BE-E3A2EA561ABE}.Debug|Any CPU.ActiveCfg = Debug|Any CPU
		{E3D3E2A7-3A89-4965-A8BE-E3A2EA561ABE}.Debug|Any CPU.Build.0 = Debug|Any CPU
		{E3D3E2A7-3A89-4965-A8BE-E3A2EA561ABE}.Release|Any CPU.ActiveCfg = Release|Any CPU
		{E3D3E2A7-3A89-4965-A8BE-E3A2EA561ABE}.Release|Any CPU.Build.0 = Release|Any CPU
		{5C8A38B0-AA30-4BAE-82FC-E26F454CE21D}.Debug|Any CPU.ActiveCfg = Debug|Any CPU
		{5C8A38B0-AA30-4BAE-82FC-E26F454CE21D}.Debug|Any CPU.Build.0 = Debug|Any CPU
		{5C8A38B0-AA30-4BAE-82FC-E26F454CE21D}.Release|Any CPU.ActiveCfg = Release|Any CPU
		{5C8A38B0-AA30-4BAE-82FC-E26F454CE21D}.Release|Any CPU.Build.0 = Release|Any CPU
		{6456FDBE-A599-4E3B-A10B-EEF8357362C3}.Debug|Any CPU.ActiveCfg = Debug|Any CPU
		{6456FDBE-A599-4E3B-A10B-EEF8357362C3}.Debug|Any CPU.Build.0 = Debug|Any CPU
		{6456FDBE-A599-4E3B-A10B-EEF8357362C3}.Release|Any CPU.ActiveCfg = Release|Any CPU
		{6456FDBE-A599-4E3B-A10B-EEF8357362C3}.Release|Any CPU.Build.0 = Release|Any CPU
		{F43DFDC6-E7A3-4D1F-B2B1-A966576A217B}.Debug|Any CPU.ActiveCfg = Debug|Any CPU
		{F43DFDC6-E7A3-4D1F-B2B1-A966576A217B}.Debug|Any CPU.Build.0 = Debug|Any CPU
		{F43DFDC6-E7A3-4D1F-B2B1-A966576A217B}.Release|Any CPU.ActiveCfg = Release|Any CPU
		{F43DFDC6-E7A3-4D1F-B2B1-A966576A217B}.Release|Any CPU.Build.0 = Release|Any CPU
		{391DFAAA-C0B1-4B99-BB79-1F96D155ED99}.Debug|Any CPU.ActiveCfg = Debug|Any CPU
		{391DFAAA-C0B1-4B99-BB79-1F96D155ED99}.Debug|Any CPU.Build.0 = Debug|Any CPU
		{391DFAAA-C0B1-4B99-BB79-1F96D155ED99}.Release|Any CPU.ActiveCfg = Release|Any CPU
		{391DFAAA-C0B1-4B99-BB79-1F96D155ED99}.Release|Any CPU.Build.0 = Release|Any CPU
		{02233C26-400C-40EC-B6C7-C8557C5BCD81}.Debug|Any CPU.ActiveCfg = Debug|Any CPU
		{02233C26-400C-40EC-B6C7-C8557C5BCD81}.Debug|Any CPU.Build.0 = Debug|Any CPU
		{02233C26-400C-40EC-B6C7-C8557C5BCD81}.Release|Any CPU.ActiveCfg = Release|Any CPU
		{02233C26-400C-40EC-B6C7-C8557C5BCD81}.Release|Any CPU.Build.0 = Release|Any CPU
		{370CD938-C882-419B-8100-D2CFF427DDD8}.Debug|Any CPU.ActiveCfg = Debug|Any CPU
		{370CD938-C882-419B-8100-D2CFF427DDD8}.Debug|Any CPU.Build.0 = Debug|Any CPU
		{370CD938-C882-419B-8100-D2CFF427DDD8}.Release|Any CPU.ActiveCfg = Release|Any CPU
		{370CD938-C882-419B-8100-D2CFF427DDD8}.Release|Any CPU.Build.0 = Release|Any CPU
		{851B6DFA-5E7A-4EE3-BFB4-114935AA60D6}.Debug|Any CPU.ActiveCfg = Debug|Any CPU
		{851B6DFA-5E7A-4EE3-BFB4-114935AA60D6}.Debug|Any CPU.Build.0 = Debug|Any CPU
		{851B6DFA-5E7A-4EE3-BFB4-114935AA60D6}.Release|Any CPU.ActiveCfg = Release|Any CPU
		{851B6DFA-5E7A-4EE3-BFB4-114935AA60D6}.Release|Any CPU.Build.0 = Release|Any CPU
		{BAE9AD85-729E-4606-AC86-BA94606E73E5}.Debug|Any CPU.ActiveCfg = Debug|Any CPU
		{BAE9AD85-729E-4606-AC86-BA94606E73E5}.Debug|Any CPU.Build.0 = Debug|Any CPU
		{BAE9AD85-729E-4606-AC86-BA94606E73E5}.Release|Any CPU.ActiveCfg = Release|Any CPU
		{BAE9AD85-729E-4606-AC86-BA94606E73E5}.Release|Any CPU.Build.0 = Release|Any CPU
		{15EE10C2-C515-4ECA-8D0F-B5F3774B8270}.Debug|Any CPU.ActiveCfg = Debug|Any CPU
		{15EE10C2-C515-4ECA-8D0F-B5F3774B8270}.Debug|Any CPU.Build.0 = Debug|Any CPU
		{15EE10C2-C515-4ECA-8D0F-B5F3774B8270}.Release|Any CPU.ActiveCfg = Release|Any CPU
		{15EE10C2-C515-4ECA-8D0F-B5F3774B8270}.Release|Any CPU.Build.0 = Release|Any CPU
		{42C8CFED-196C-4649-885B-5135D27F702E}.Debug|Any CPU.ActiveCfg = Debug|Any CPU
		{42C8CFED-196C-4649-885B-5135D27F702E}.Debug|Any CPU.Build.0 = Debug|Any CPU
		{42C8CFED-196C-4649-885B-5135D27F702E}.Release|Any CPU.ActiveCfg = Release|Any CPU
		{42C8CFED-196C-4649-885B-5135D27F702E}.Release|Any CPU.Build.0 = Release|Any CPU
		{4AD28F32-01E2-408F-BCDC-D7191B1D3E0E}.Debug|Any CPU.ActiveCfg = Debug|Any CPU
		{4AD28F32-01E2-408F-BCDC-D7191B1D3E0E}.Debug|Any CPU.Build.0 = Debug|Any CPU
		{4AD28F32-01E2-408F-BCDC-D7191B1D3E0E}.Release|Any CPU.ActiveCfg = Release|Any CPU
		{4AD28F32-01E2-408F-BCDC-D7191B1D3E0E}.Release|Any CPU.Build.0 = Release|Any CPU
		{8CADF849-9EC3-4D28-80E3-AD11982F75BB}.Debug|Any CPU.ActiveCfg = Debug|Any CPU
		{8CADF849-9EC3-4D28-80E3-AD11982F75BB}.Debug|Any CPU.Build.0 = Debug|Any CPU
		{8CADF849-9EC3-4D28-80E3-AD11982F75BB}.Release|Any CPU.ActiveCfg = Release|Any CPU
		{8CADF849-9EC3-4D28-80E3-AD11982F75BB}.Release|Any CPU.Build.0 = Release|Any CPU
		{30C57E85-EC58-4FD2-A2FF-127818925B0C}.Debug|Any CPU.ActiveCfg = Debug|Any CPU
		{30C57E85-EC58-4FD2-A2FF-127818925B0C}.Debug|Any CPU.Build.0 = Debug|Any CPU
		{30C57E85-EC58-4FD2-A2FF-127818925B0C}.Release|Any CPU.ActiveCfg = Release|Any CPU
		{30C57E85-EC58-4FD2-A2FF-127818925B0C}.Release|Any CPU.Build.0 = Release|Any CPU
		{5039DB6D-5548-4375-BE29-A5754D24AA0D}.Debug|Any CPU.ActiveCfg = Debug|Any CPU
		{5039DB6D-5548-4375-BE29-A5754D24AA0D}.Debug|Any CPU.Build.0 = Debug|Any CPU
		{5039DB6D-5548-4375-BE29-A5754D24AA0D}.Release|Any CPU.ActiveCfg = Release|Any CPU
		{5039DB6D-5548-4375-BE29-A5754D24AA0D}.Release|Any CPU.Build.0 = Release|Any CPU
	EndGlobalSection
	GlobalSection(SolutionProperties) = preSolution
		HideSolutionNode = FALSE
	EndGlobalSection
	GlobalSection(NestedProjects) = preSolution
		{EE19EA84-C62C-4CBE-BD89-8A56C9EA969A} = {4C354A35-DD08-4D71-8F45-F3FADA556A49}
		{5C376FCD-5B05-4B28-9686-AAC980AD6853} = {4C354A35-DD08-4D71-8F45-F3FADA556A49}
		{A18D4333-B509-4A33-B534-1BEB687150EB} = {FC0087D9-0B96-40C1-B223-65C557DB3A5A}
		{137948F8-A025-4A8D-ACF2-EFBAAEED8F36} = {FC0087D9-0B96-40C1-B223-65C557DB3A5A}
		{046D2A54-7BCA-40F9-9FD5-B8E01C97D464} = {4C354A35-DD08-4D71-8F45-F3FADA556A49}
		{C5BEC4DA-E1C9-45F4-8F68-60CF57A8C9D2} = {58024826-4A13-44BA-9287-437EE705CEB3}
		{81690F63-8B12-4DFC-BD6F-516584662746} = {8E3ECF67-C197-49A4-A3D3-1557376CEC8A}
		{3087CE8B-0842-4E41-B4EF-2659EE8578E6} = {9241BE1D-05E1-47F3-B838-73D2D0F9D792}
		{6B46423C-9F07-4EFD-9BEF-8C162BFAA04F} = {9241BE1D-05E1-47F3-B838-73D2D0F9D792}
		{B0A0467F-A7ED-470A-B9BF-A74F947828CC} = {9228EAE9-6041-4547-8049-64DEC40BD187}
		{DBA7E081-2111-419C-8FEB-82C2CFDE3D9F} = {B0A0467F-A7ED-470A-B9BF-A74F947828CC}
		{AB87DB93-E560-4619-BA6F-9858F1078290} = {B64430DE-81D1-4497-B4A6-FCFB2D2F8E71}
		{0AD7AEEA-0DB3-4913-A8D4-29B44386D658} = {B64430DE-81D1-4497-B4A6-FCFB2D2F8E71}
		{840A2981-1DA5-4FBE-B97C-8F16C9B75389} = {5D996D1D-4722-4CE1-82ED-C1307538D8AA}
		{2C5E4795-9049-4D6B-B03D-116B17B7043A} = {5D996D1D-4722-4CE1-82ED-C1307538D8AA}
		{7E93B955-9F30-4290-A582-5EEFC8FFF6EE} = {5D996D1D-4722-4CE1-82ED-C1307538D8AA}
		{ACEDF13A-7CC8-4DC3-A693-7A98E30A4959} = {D206DD97-0087-4F09-9054-0984989EDAAA}
		{FA9DF42A-0374-4AF6-A03E-F084DA8E6B4A} = {B0A0467F-A7ED-470A-B9BF-A74F947828CC}
		{AA575230-5C45-4B8D-A667-ACC1620AF4BE} = {B0A0467F-A7ED-470A-B9BF-A74F947828CC}
		{8548A4E8-8C81-4672-9D0E-27DFEDEF5CB1} = {B0A0467F-A7ED-470A-B9BF-A74F947828CC}
		{2E811F76-F140-43B8-95F4-CF872800A4F9} = {9792B9B3-CBDC-4C08-A3C5-E80F187DC94F}
		{DCC10F44-75E9-4ED9-891B-E5DDAF186563} = {BC98F76F-B530-47CD-A59D-7C2FDA7D1AC7}
		{E3D3E2A7-3A89-4965-A8BE-E3A2EA561ABE} = {FC0087D9-0B96-40C1-B223-65C557DB3A5A}
		{6456FDBE-A599-4E3B-A10B-EEF8357362C3} = {6DC272E0-5DEF-4EB7-B4C9-FC550BF9F43A}
		{F43DFDC6-E7A3-4D1F-B2B1-A966576A217B} = {3F020C2B-CDF9-4AA5-BD32-25D55DE4C781}
		{391DFAAA-C0B1-4B99-BB79-1F96D155ED99} = {3F020C2B-CDF9-4AA5-BD32-25D55DE4C781}
		{02233C26-400C-40EC-B6C7-C8557C5BCD81} = {4C354A35-DD08-4D71-8F45-F3FADA556A49}
		{370CD938-C882-419B-8100-D2CFF427DDD8} = {27B54360-E5B1-42B7-B710-CB20EE241BF2}
		{851B6DFA-5E7A-4EE3-BFB4-114935AA60D6} = {6DC272E0-5DEF-4EB7-B4C9-FC550BF9F43A}
		{BAE9AD85-729E-4606-AC86-BA94606E73E5} = {CEC941D3-065A-4331-992F-4F57E7C34F10}
		{15EE10C2-C515-4ECA-8D0F-B5F3774B8270} = {CEC941D3-065A-4331-992F-4F57E7C34F10}
		{42C8CFED-196C-4649-885B-5135D27F702E} = {27B54360-E5B1-42B7-B710-CB20EE241BF2}
		{4AD28F32-01E2-408F-BCDC-D7191B1D3E0E} = {723CDC2E-72D2-4F2C-90DA-809891E4FEEC}
		{8CADF849-9EC3-4D28-80E3-AD11982F75BB} = {723CDC2E-72D2-4F2C-90DA-809891E4FEEC}
		{30C57E85-EC58-4FD2-A2FF-127818925B0C} = {AEE2E371-0D7E-480D-80AE-E485E6828055}
		{5039DB6D-5548-4375-BE29-A5754D24AA0D} = {AEE2E371-0D7E-480D-80AE-E485E6828055}
	EndGlobalSection
	GlobalSection(ExtensibilityGlobals) = postSolution
		SolutionGuid = {9BC3D9A6-D734-4BC9-911F-B3AC9AA612BD}
	EndGlobalSection
EndGlobal
